{
  "name": "nisp",
  "version": "0.13.8",
  "lockfileVersion": 1,
  "requires": true,
  "dependencies": {
    "@types/node": {
      "version": "7.0.5",
      "resolved": "https://registry.npmjs.org/@types/node/-/node-7.0.5.tgz",
      "integrity": "sha1-lqDwphi3tgbx7FR0A8AGUCEL+7c=",
      "dev": true
    },
    "balanced-match": {
      "version": "1.0.0",
      "resolved": "https://registry.npmjs.org/balanced-match/-/balanced-match-1.0.0.tgz",
      "integrity": "sha1-ibTRmasr7kneFk6gK4nORi1xt2c=",
      "dev": true
    },
    "brace-expansion": {
      "version": "1.1.11",
      "resolved": "https://registry.npmjs.org/brace-expansion/-/brace-expansion-1.1.11.tgz",
      "integrity": "sha512-iCuPHDFgrHX7H2vEI/5xpz07zSHB00TpugqhmYtVmMO6518mCuRMoOYFldEBl0g187ufozdaHgWKcYFb61qGiA==",
      "dev": true,
      "requires": {
        "balanced-match": "^1.0.0",
        "concat-map": "0.0.1"
      }
    },
    "codemirror": {
      "version": "5.48.0",
      "resolved": "https://registry.npmjs.org/codemirror/-/codemirror-5.48.0.tgz",
      "integrity": "sha512-3Ter+tYtRlTNtxtYdYNPxGxBL/b3cMcvPdPm70gvmcOO2Rauv/fUEewWa0tT596Hosv6ea2mtpx28OXBy1mQCg==",
      "dev": true
    },
    "commander": {
      "version": "2.9.0",
      "resolved": "https://registry.npmjs.org/commander/-/commander-2.9.0.tgz",
      "integrity": "sha1-nJkJQXbhIkDLItbFFGCYQA/g99Q=",
      "dev": true,
      "requires": {
        "graceful-readlink": ">= 1.0.0"
      }
    },
    "concat-map": {
      "version": "0.0.1",
      "resolved": "https://registry.npmjs.org/concat-map/-/concat-map-0.0.1.tgz",
      "integrity": "sha1-2Klr13/Wjfd5OnMDajug1UBdR3s=",
      "dev": true
    },
    "fuzzaldrin": {
      "version": "2.1.0",
      "resolved": "https://registry.npmjs.org/fuzzaldrin/-/fuzzaldrin-2.1.0.tgz",
      "integrity": "sha1-kCBMPi/appQbso0WZF1BgGOpDps=",
      "dev": true
    },
    "graceful-readlink": {
      "version": "1.0.1",
      "resolved": "https://registry.npmjs.org/graceful-readlink/-/graceful-readlink-1.0.1.tgz",
      "integrity": "sha1-TK+tdrxi8C+gObL5Tpo906ORpyU=",
      "dev": true
    },
    "jhash": {
      "version": "0.1.10",
      "resolved": "https://registry.npmjs.org/jhash/-/jhash-0.1.10.tgz",
      "integrity": "sha1-zhtYwL9vR0V/9iTC4CjQuJ1ih1c=",
      "dev": true
    },
    "junit": {
      "version": "1.4.9",
      "resolved": "https://registry.npmjs.org/junit/-/junit-1.4.9.tgz",
      "integrity": "sha1-a8EtKFNtvwKEwz28915C2yc/PaQ=",
      "dev": true,
      "requires": {
        "commander": "2.9.0",
        "nofs": "0.11.20",
        "yaku": "0.17.8"
      }
    },
    "lodash": {
      "version": "4.17.19",
      "resolved": "https://registry.npmjs.org/lodash/-/lodash-4.17.19.tgz",
      "integrity": "sha512-JNvd8XER9GQX0v2qJgsaN/mzFCNA5BRe/j8JN9d+tWyGLSodKQHKFicdwNYzWwI3wjRnaKPsGj1XkBjx/F96DQ==",
      "dev": true
    },
    "minimatch": {
      "version": "3.0.3",
      "resolved": "https://registry.npmjs.org/minimatch/-/minimatch-3.0.3.tgz",
      "integrity": "sha1-Kk5AkLlrLbBqnX3wEFWmKnfJt3Q=",
      "dev": true,
      "requires": {
        "brace-expansion": "^1.0.0"
      }
    },
    "noflow": {
      "version": "0.8.6",
      "resolved": "https://registry.npmjs.org/noflow/-/noflow-0.8.6.tgz",
      "integrity": "sha1-R0AmrXxrEeRHaEJ1A4vS6Htfg6I=",
      "dev": true,
      "requires": {
        "yaku": "0.17.7"
      },
      "dependencies": {
        "yaku": {
          "version": "0.17.7",
          "resolved": "https://registry.npmjs.org/yaku/-/yaku-0.17.7.tgz",
          "integrity": "sha1-2jHY6+e8ERI+No2QpZizsBfMm00=",
          "dev": true
        }
      }
    },
    "nofs": {
      "version": "0.11.20",
      "resolved": "https://registry.npmjs.org/nofs/-/nofs-0.11.20.tgz",
      "integrity": "sha1-F+avLNo8eT6GIdkDx61/EXmU7Y4=",
      "dev": true,
      "requires": {
        "minimatch": "3.0.3",
        "yaku": "0.17.7"
      },
      "dependencies": {
        "yaku": {
          "version": "0.17.7",
          "resolved": "https://registry.npmjs.org/yaku/-/yaku-0.17.7.tgz",
          "integrity": "sha1-2jHY6+e8ERI+No2QpZizsBfMm00=",
          "dev": true
        }
      }
    },
    "nokit": {
      "version": "0.23.22",
      "resolved": "https://registry.npmjs.org/nokit/-/nokit-0.23.22.tgz",
      "integrity": "sha1-xjKjQthgi31lo60OHBqaQxAXSnk=",
      "dev": true,
      "requires": {
        "jhash": "0.1.10",
        "noflow": "0.8.6",
        "nofs": "0.11.20",
        "semver": "5.3.0",
        "yaku": "0.17.7"
      },
      "dependencies": {
        "yaku": {
          "version": "0.17.7",
          "resolved": "https://registry.npmjs.org/yaku/-/yaku-0.17.7.tgz",
          "integrity": "sha1-2jHY6+e8ERI+No2QpZizsBfMm00=",
          "dev": true
        }
      }
    },
    "pegjs": {
      "version": "0.10.0",
      "resolved": "https://registry.npmjs.org/pegjs/-/pegjs-0.10.0.tgz",
      "integrity": "sha1-z4uvrm7d/0tafvsYUmnqr0YQ3b0=",
      "dev": true
    },
    "semver": {
      "version": "5.3.0",
      "resolved": "https://registry.npmjs.org/semver/-/semver-5.3.0.tgz",
      "integrity": "sha1-myzl094C0XxgEq0yaqa00M9U+U8=",
      "dev": true
    },
    "typescript": {
      "version": "2.2.1",
      "resolved": "https://registry.npmjs.org/typescript/-/typescript-2.2.1.tgz",
      "integrity": "sha1-SGK2YrmIpMj/aRzHlpYi0k23auk=",
      "dev": true
    },
    "yaku": {
      "version": "0.17.8",
      "resolved": "https://registry.npmjs.org/yaku/-/yaku-0.17.8.tgz",
      "integrity": "sha1-Yf7cQIAsadD4IzJGkUHnBNFNh2o=",
      "dev": true
    }
  }
}
